// !$*UTF8*$!
{
	archiveVersion = 1;
	classes = {
	};
	objectVersion = 50;
	objects = {

/* Begin PBXBuildFile section */
		4DAB650021BE605C00847348 /* Assets.xcassets in Resources */ = {isa = PBXBuildFile; fileRef = 4DAB64FF21BE605C00847348 /* Assets.xcassets */; };
		4DAB650321BE605C00847348 /* Main.storyboard in Resources */ = {isa = PBXBuildFile; fileRef = 4DAB650121BE605C00847348 /* Main.storyboard */; };
		4DAB650621BE605C00847348 /* main.cpp in Sources */ = {isa = PBXBuildFile; fileRef = 4DAB650521BE605C00847348 /* main.cpp */; };
		4DAB651121BE605C00847348 /* OpenG____________Tests.m in Sources */ = {isa = PBXBuildFile; fileRef = 4DAB651021BE605C00847348 /* OpenG____________Tests.m */; };
		4DAB651C21BE605C00847348 /* OpenG____________UITests.m in Sources */ = {isa = PBXBuildFile; fileRef = 4DAB651B21BE605C00847348 /* OpenG____________UITests.m */; };
		4DAB652B21BE608C00847348 /* OpenGL.framework in Frameworks */ = {isa = PBXBuildFile; fileRef = 4DAB652A21BE608C00847348 /* OpenGL.framework */; };
		4DAB652D21BE609500847348 /* GLUT.framework in Frameworks */ = {isa = PBXBuildFile; fileRef = 4DAB652C21BE609500847348 /* GLUT.framework */; };
		4DAB652F21BE60A600847348 /* libGLTools.a in Frameworks */ = {isa = PBXBuildFile; fileRef = 4DAB652E21BE60A600847348 /* libGLTools.a */; };
/* End PBXBuildFile section */

/* Begin PBXContainerItemProxy section */
		4DAB650D21BE605C00847348 /* PBXContainerItemProxy */ = {
			isa = PBXContainerItemProxy;
			containerPortal = 4DAB64EE21BE605900847348 /* Project object */;
			proxyType = 1;
			remoteGlobalIDString = 4DAB64F521BE605900847348;
			remoteInfo = "OpenG--使用矩阵创建几何图形";
		};
		4DAB651821BE605C00847348 /* PBXContainerItemProxy */ = {
			isa = PBXContainerItemProxy;
			containerPortal = 4DAB64EE21BE605900847348 /* Project object */;
			proxyType = 1;
			remoteGlobalIDString = 4DAB64F521BE605900847348;
			remoteInfo = "OpenG--使用矩阵创建几何图形";
		};
/* End PBXContainerItemProxy section */

/* Begin PBXFileReference section */
		4DAB64F621BE605900847348 /* OpenG--使用矩阵创建几何图形.app */ = {isa = PBXFileReference; explicitFileType = wrapper.application; includeInIndex = 0; path = "OpenG--使用矩阵创建几何图形.app"; sourceTree = BUILT_PRODUCTS_DIR; };
		4DAB64FF21BE605C00847348 /* Assets.xcassets */ = {isa = PBXFileReference; lastKnownFileType = folder.assetcatalog; path = Assets.xcassets; sourceTree = "<group>"; };
		4DAB650221BE605C00847348 /* Base */ = {isa = PBXFileReference; lastKnownFileType = file.storyboard; name = Base; path = Base.lproj/Main.storyboard; sourceTree = "<group>"; };
		4DAB650421BE605C00847348 /* Info.plist */ = {isa = PBXFileReference; lastKnownFileType = text.plist.xml; path = Info.plist; sourceTree = "<group>"; };
		4DAB650521BE605C00847348 /* main.cpp */ = {isa = PBXFileReference; lastKnownFileType = sourcecode.cpp.cpp; path = main.cpp; sourceTree = "<group>"; };
		4DAB650721BE605C00847348 /* OpenG____________.entitlements */ = {isa = PBXFileReference; lastKnownFileType = text.plist.entitlements; path = "OpenG____________.entitlements"; sourceTree = "<group>"; };
		4DAB650C21BE605C00847348 /* OpenG--使用矩阵创建几何图形Tests.xctest */ = {isa = PBXFileReference; explicitFileType = wrapper.cfbundle; includeInIndex = 0; path = "OpenG--使用矩阵创建几何图形Tests.xctest"; sourceTree = BUILT_PRODUCTS_DIR; };
		4DAB651021BE605C00847348 /* OpenG____________Tests.m */ = {isa = PBXFileReference; lastKnownFileType = sourcecode.c.objc; path = "OpenG____________Tests.m"; sourceTree = "<group>"; };
		4DAB651221BE605C00847348 /* Info.plist */ = {isa = PBXFileReference; lastKnownFileType = text.plist.xml; path = Info.plist; sourceTree = "<group>"; };
		4DAB651721BE605C00847348 /* OpenG--使用矩阵创建几何图形UITests.xctest */ = {isa = PBXFileReference; explicitFileType = wrapper.cfbundle; includeInIndex = 0; path = "OpenG--使用矩阵创建几何图形UITests.xctest"; sourceTree = BUILT_PRODUCTS_DIR; };
		4DAB651B21BE605C00847348 /* OpenG____________UITests.m */ = {isa = PBXFileReference; lastKnownFileType = sourcecode.c.objc; path = "OpenG____________UITests.m"; sourceTree = "<group>"; };
		4DAB651D21BE605C00847348 /* Info.plist */ = {isa = PBXFileReference; lastKnownFileType = text.plist.xml; path = Info.plist; sourceTree = "<group>"; };
		4DAB652A21BE608C00847348 /* OpenGL.framework */ = {isa = PBXFileReference; lastKnownFileType = wrapper.framework; name = OpenGL.framework; path = System/Library/Frameworks/OpenGL.framework; sourceTree = SDKROOT; };
		4DAB652C21BE609500847348 /* GLUT.framework */ = {isa = PBXFileReference; lastKnownFileType = wrapper.framework; name = GLUT.framework; path = System/Library/Frameworks/GLUT.framework; sourceTree = SDKROOT; };
		4DAB652E21BE60A600847348 /* libGLTools.a */ = {isa = PBXFileReference; lastKnownFileType = archive.ar; path = libGLTools.a; sourceTree = "<group>"; };
		4DAB653121BE60B200847348 /* GLBatchBase.h */ = {isa = PBXFileReference; fileEncoding = 4; lastKnownFileType = sourcecode.c.h; path = GLBatchBase.h; sourceTree = "<group>"; };
		4DAB653221BE60B200847348 /* math3d.h */ = {isa = PBXFileReference; fileEncoding = 4; lastKnownFileType = sourcecode.c.h; path = math3d.h; sourceTree = "<group>"; };
		4DAB653321BE60B200847348 /* GLTriangleBatch.h */ = {isa = PBXFileReference; fileEncoding = 4; lastKnownFileType = sourcecode.c.h; path = GLTriangleBatch.h; sourceTree = "<group>"; };
		4DAB653421BE60B200847348 /* GLBatch.h */ = {isa = PBXFileReference; fileEncoding = 4; lastKnownFileType = sourcecode.c.h; path = GLBatch.h; sourceTree = "<group>"; };
		4DAB653521BE60B200847348 /* GLMatrixStack.h */ = {isa = PBXFileReference; fileEncoding = 4; lastKnownFileType = sourcecode.c.h; path = GLMatrixStack.h; sourceTree = "<group>"; };
		4DAB653621BE60B200847348 /* GLFrame.h */ = {isa = PBXFileReference; fileEncoding = 4; lastKnownFileType = sourcecode.c.h; path = GLFrame.h; sourceTree = "<group>"; };
		4DAB653721BE60B200847348 /* GLFrustum.h */ = {isa = PBXFileReference; fileEncoding = 4; lastKnownFileType = sourcecode.c.h; path = GLFrustum.h; sourceTree = "<group>"; };
		4DAB653821BE60B200847348 /* GLGeometryTransform.h */ = {isa = PBXFileReference; fileEncoding = 4; lastKnownFileType = sourcecode.c.h; path = GLGeometryTransform.h; sourceTree = "<group>"; };
		4DAB653921BE60B200847348 /* GLShaderManager.h */ = {isa = PBXFileReference; fileEncoding = 4; lastKnownFileType = sourcecode.c.h; path = GLShaderManager.h; sourceTree = "<group>"; };
		4DAB653A21BE60B200847348 /* StopWatch.h */ = {isa = PBXFileReference; fileEncoding = 4; lastKnownFileType = sourcecode.c.h; path = StopWatch.h; sourceTree = "<group>"; };
		4DAB653C21BE60B200847348 /* glxew.h */ = {isa = PBXFileReference; fileEncoding = 4; lastKnownFileType = sourcecode.c.h; path = glxew.h; sourceTree = "<group>"; };
		4DAB653D21BE60B200847348 /* wglew.h */ = {isa = PBXFileReference; fileEncoding = 4; lastKnownFileType = sourcecode.c.h; path = wglew.h; sourceTree = "<group>"; };
		4DAB653E21BE60B200847348 /* glew.h */ = {isa = PBXFileReference; fileEncoding = 4; lastKnownFileType = sourcecode.c.h; path = glew.h; sourceTree = "<group>"; };
		4DAB653F21BE60B200847348 /* GLTools.h */ = {isa = PBXFileReference; fileEncoding = 4; lastKnownFileType = sourcecode.c.h; path = GLTools.h; sourceTree = "<group>"; };
/* End PBXFileReference section */

/* Begin PBXFrameworksBuildPhase section */
		4DAB64F321BE605900847348 /* Frameworks */ = {
			isa = PBXFrameworksBuildPhase;
			buildActionMask = 2147483647;
			files = (
				4DAB652F21BE60A600847348 /* libGLTools.a in Frameworks */,
				4DAB652D21BE609500847348 /* GLUT.framework in Frameworks */,
				4DAB652B21BE608C00847348 /* OpenGL.framework in Frameworks */,
			);
			runOnlyForDeploymentPostprocessing = 0;
		};
		4DAB650921BE605C00847348 /* Frameworks */ = {
			isa = PBXFrameworksBuildPhase;
			buildActionMask = 2147483647;
			files = (
			);
			runOnlyForDeploymentPostprocessing = 0;
		};
		4DAB651421BE605C00847348 /* Frameworks */ = {
			isa = PBXFrameworksBuildPhase;
			buildActionMask = 2147483647;
			files = (
			);
			runOnlyForDeploymentPostprocessing = 0;
		};
/* End PBXFrameworksBuildPhase section */

/* Begin PBXGroup section */
		4DAB64ED21BE605900847348 = {
			isa = PBXGroup;
			children = (
				4DAB64F821BE605900847348 /* OpenG--使用矩阵创建几何图形 */,
				4DAB650F21BE605C00847348 /* OpenG--使用矩阵创建几何图形Tests */,
				4DAB651A21BE605C00847348 /* OpenG--使用矩阵创建几何图形UITests */,
				4DAB64F721BE605900847348 /* Products */,
				4DAB652921BE608C00847348 /* Frameworks */,
			);
			sourceTree = "<group>";
		};
		4DAB64F721BE605900847348 /* Products */ = {
			isa = PBXGroup;
			children = (
				4DAB64F621BE605900847348 /* OpenG--使用矩阵创建几何图形.app */,
				4DAB650C21BE605C00847348 /* OpenG--使用矩阵创建几何图形Tests.xctest */,
				4DAB651721BE605C00847348 /* OpenG--使用矩阵创建几何图形UITests.xctest */,
			);
			name = Products;
			sourceTree = "<group>";
		};
		4DAB64F821BE605900847348 /* OpenG--使用矩阵创建几何图形 */ = {
			isa = PBXGroup;
			children = (
				4DAB653021BE60B200847348 /* include */,
				4DAB64FF21BE605C00847348 /* Assets.xcassets */,
				4DAB650121BE605C00847348 /* Main.storyboard */,
				4DAB650421BE605C00847348 /* Info.plist */,
				4DAB650521BE605C00847348 /* main.cpp */,
				4DAB650721BE605C00847348 /* OpenG____________.entitlements */,
			);
			path = "OpenG--使用矩阵创建几何图形";
			sourceTree = "<group>";
		};
		4DAB650F21BE605C00847348 /* OpenG--使用矩阵创建几何图形Tests */ = {
			isa = PBXGroup;
			children = (
				4DAB651021BE605C00847348 /* OpenG____________Tests.m */,
				4DAB651221BE605C00847348 /* Info.plist */,
			);
			path = "OpenG--使用矩阵创建几何图形Tests";
			sourceTree = "<group>";
		};
		4DAB651A21BE605C00847348 /* OpenG--使用矩阵创建几何图形UITests */ = {
			isa = PBXGroup;
			children = (
				4DAB651B21BE605C00847348 /* OpenG____________UITests.m */,
				4DAB651D21BE605C00847348 /* Info.plist */,
			);
			path = "OpenG--使用矩阵创建几何图形UITests";
			sourceTree = "<group>";
		};
		4DAB652921BE608C00847348 /* Frameworks */ = {
			isa = PBXGroup;
			children = (
				4DAB652E21BE60A600847348 /* libGLTools.a */,
				4DAB652C21BE609500847348 /* GLUT.framework */,
				4DAB652A21BE608C00847348 /* OpenGL.framework */,
			);
			name = Frameworks;
			sourceTree = "<group>";
		};
		4DAB653021BE60B200847348 /* include */ = {
			isa = PBXGroup;
			children = (
				4DAB653121BE60B200847348 /* GLBatchBase.h */,
				4DAB653221BE60B200847348 /* math3d.h */,
				4DAB653321BE60B200847348 /* GLTriangleBatch.h */,
				4DAB653421BE60B200847348 /* GLBatch.h */,
				4DAB653521BE60B200847348 /* GLMatrixStack.h */,
				4DAB653621BE60B200847348 /* GLFrame.h */,
				4DAB653721BE60B200847348 /* GLFrustum.h */,
				4DAB653821BE60B200847348 /* GLGeometryTransform.h */,
				4DAB653921BE60B200847348 /* GLShaderManager.h */,
				4DAB653A21BE60B200847348 /* StopWatch.h */,
				4DAB653B21BE60B200847348 /* GL */,
				4DAB653F21BE60B200847348 /* GLTools.h */,
			);
			path = include;
			sourceTree = "<group>";
		};
		4DAB653B21BE60B200847348 /* GL */ = {
			isa = PBXGroup;
			children = (
				4DAB653C21BE60B200847348 /* glxew.h */,
				4DAB653D21BE60B200847348 /* wglew.h */,
				4DAB653E21BE60B200847348 /* glew.h */,
			);
			path = GL;
			sourceTree = "<group>";
		};
/* End PBXGroup section */

/* Begin PBXNativeTarget section */
		4DAB64F521BE605900847348 /* OpenG--使用矩阵创建几何图形 */ = {
			isa = PBXNativeTarget;
			buildConfigurationList = 4DAB652021BE605C00847348 /* Build configuration list for PBXNativeTarget "OpenG--使用矩阵创建几何图形" */;
			buildPhases = (
				4DAB64F221BE605900847348 /* Sources */,
				4DAB64F321BE605900847348 /* Frameworks */,
				4DAB64F421BE605900847348 /* Resources */,
			);
			buildRules = (
			);
			dependencies = (
			);
			name = "OpenG--使用矩阵创建几何图形";
			productName = "OpenG--使用矩阵创建几何图形";
			productReference = 4DAB64F621BE605900847348 /* OpenG--使用矩阵创建几何图形.app */;
			productType = "com.apple.product-type.application";
		};
		4DAB650B21BE605C00847348 /* OpenG--使用矩阵创建几何图形Tests */ = {
			isa = PBXNativeTarget;
			buildConfigurationList = 4DAB652321BE605C00847348 /* Build configuration list for PBXNativeTarget "OpenG--使用矩阵创建几何图形Tests" */;
			buildPhases = (
				4DAB650821BE605C00847348 /* Sources */,
				4DAB650921BE605C00847348 /* Frameworks */,
				4DAB650A21BE605C00847348 /* Resources */,
			);
			buildRules = (
			);
			dependencies = (
				4DAB650E21BE605C00847348 /* PBXTargetDependency */,
			);
			name = "OpenG--使用矩阵创建几何图形Tests";
			productName = "OpenG--使用矩阵创建几何图形Tests";
			productReference = 4DAB650C21BE605C00847348 /* OpenG--使用矩阵创建几何图形Tests.xctest */;
			productType = "com.apple.product-type.bundle.unit-test";
		};
		4DAB651621BE605C00847348 /* OpenG--使用矩阵创建几何图形UITests */ = {
			isa = PBXNativeTarget;
			buildConfigurationList = 4DAB652621BE605C00847348 /* Build configuration list for PBXNativeTarget "OpenG--使用矩阵创建几何图形UITests" */;
			buildPhases = (
				4DAB651321BE605C00847348 /* Sources */,
				4DAB651421BE605C00847348 /* Frameworks */,
				4DAB651521BE605C00847348 /* Resources */,
			);
			buildRules = (
			);
			dependencies = (
				4DAB651921BE605C00847348 /* PBXTargetDependency */,
			);
			name = "OpenG--使用矩阵创建几何图形UITests";
			productName = "OpenG--使用矩阵创建几何图形UITests";
			productReference = 4DAB651721BE605C00847348 /* OpenG--使用矩阵创建几何图形UITests.xctest */;
			productType = "com.apple.product-type.bundle.ui-testing";
		};
/* End PBXNativeTarget section */

/* Begin PBXProject section */
		4DAB64EE21BE605900847348 /* Project object */ = {
			isa = PBXProject;
			attributes = {
				LastUpgradeCheck = 1010;
				TargetAttributes = {
					4DAB64F521BE605900847348 = {
						CreatedOnToolsVersion = 10.1;
					};
					4DAB650B21BE605C00847348 = {
						CreatedOnToolsVersion = 10.1;
						TestTargetID = 4DAB64F521BE605900847348;
					};
					4DAB651621BE605C00847348 = {
						CreatedOnToolsVersion = 10.1;
						TestTargetID = 4DAB64F521BE605900847348;
					};
				};
			};
			buildConfigurationList = 4DAB64F121BE605900847348 /* Build configuration list for PBXProject "OpenG--使用矩阵创建几何图形" */;
			compatibilityVersion = "Xcode 9.3";
			developmentRegion = en;
			hasScannedForEncodings = 0;
			knownRegions = (
				en,
				Base,
			);
			mainGroup = 4DAB64ED21BE605900847348;
			productRefGroup = 4DAB64F721BE605900847348 /* Products */;
			projectDirPath = "";
			projectRoot = "";
			targets = (
				4DAB64F521BE605900847348 /* OpenG--使用矩阵创建几何图形 */,
				4DAB650B21BE605C00847348 /* OpenG--使用矩阵创建几何图形Tests */,
				4DAB651621BE605C00847348 /* OpenG--使用矩阵创建几何图形UITests */,
			);
		};
/* End PBXProject section */

/* Begin PBXResourcesBuildPhase section */
		4DAB64F421BE605900847348 /* Resources */ = {
			isa = PBXResourcesBuildPhase;
			buildActionMask = 2147483647;
			files = (
				4DAB650021BE605C00847348 /* Assets.xcassets in Resources */,
				4DAB650321BE605C00847348 /* Main.storyboard in Resources */,
			);
			runOnlyForDeploymentPostprocessing = 0;
		};
		4DAB650A21BE605C00847348 /* Resources */ = {
			isa = PBXResourcesBuildPhase;
			buildActionMask = 2147483647;
			files = (
			);
			runOnlyForDeploymentPostprocessing = 0;
		};
		4DAB651521BE605C00847348 /* Resources */ = {
			isa = PBXResourcesBuildPhase;
			buildActionMask = 2147483647;
			files = (
			);
			runOnlyForDeploymentPostprocessing = 0;
		};
/* End PBXResourcesBuildPhase section */

/* Begin PBXSourcesBuildPhase section */
		4DAB64F221BE605900847348 /* Sources */ = {
			isa = PBXSourcesBuildPhase;
			buildActionMask = 2147483647;
			files = (
				4DAB650621BE605C00847348 /* main.cpp in Sources */,
			);
			runOnlyForDeploymentPostprocessing = 0;
		};
		4DAB650821BE605C00847348 /* Sources */ = {
			isa = PBXSourcesBuildPhase;
			buildActionMask = 2147483647;
			files = (
				4DAB651121BE605C00847348 /* OpenG____________Tests.m in Sources */,
			);
			runOnlyForDeploymentPostprocessing = 0;
		};
		4DAB651321BE605C00847348 /* Sources */ = {
			isa = PBXSourcesBuildPhase;
			buildActionMask = 2147483647;
			files = (
				4DAB651C21BE605C00847348 /* OpenG____________UITests.m in Sources */,
			);
			runOnlyForDeploymentPostprocessing = 0;
		};
/* End PBXSourcesBuildPhase section */

/* Begin PBXTargetDependency section */
		4DAB650E21BE605C00847348 /* PBXTargetDependency */ = {
			isa = PBXTargetDependency;
			target = 4DAB64F521BE605900847348 /* OpenG--使用矩阵创建几何图形 */;
			targetProxy = 4DAB650D21BE605C00847348 /* PBXContainerItemProxy */;
		};
		4DAB651921BE605C00847348 /* PBXTargetDependency */ = {
			isa = PBXTargetDependency;
			target = 4DAB64F521BE605900847348 /* OpenG--使用矩阵创建几何图形 */;
			targetProxy = 4DAB651821BE605C00847348 /* PBXContainerItemProxy */;
		};
/* End PBXTargetDependency section */

/* Begin PBXVariantGroup section */
		4DAB650121BE605C00847348 /* Main.storyboard */ = {
			isa = PBXVariantGroup;
			children = (
				4DAB650221BE605C00847348 /* Base */,
			);
			name = Main.storyboard;
			sourceTree = "<group>";
		};
/* End PBXVariantGroup section */

/* Begin XCBuildConfiguration section */
		4DAB651E21BE605C00847348 /* Debug */ = {
			isa = XCBuildConfiguration;
			buildSettings = {
				ALWAYS_SEARCH_USER_PATHS = NO;
				CLANG_ANALYZER_NONNULL = YES;
				CLANG_ANALYZER_NUMBER_OBJECT_CONVERSION = YES_AGGRESSIVE;
				CLANG_CXX_LANGUAGE_STANDARD = "gnu++14";
				CLANG_CXX_LIBRARY = "libc++";
				CLANG_ENABLE_MODULES = YES;
				CLANG_ENABLE_OBJC_ARC = YES;
				CLANG_ENABLE_OBJC_WEAK = YES;
				CLANG_WARN_BLOCK_CAPTURE_AUTORELEASING = YES;
				CLANG_WARN_BOOL_CONVERSION = YES;
				CLANG_WARN_COMMA = YES;
				CLANG_WARN_CONSTANT_CONVERSION = YES;
				CLANG_WARN_DEPRECATED_OBJC_IMPLEMENTATIONS = YES;
				CLANG_WARN_DIRECT_OBJC_ISA_USAGE = YES_ERROR;
				CLANG_WARN_DOCUMENTATION_COMMENTS = YES;
				CLANG_WARN_EMPTY_BODY = YES;
				CLANG_WARN_ENUM_CONVERSION = YES;
				CLANG_WARN_INFINITE_RECURSION = YES;
				CLANG_WARN_INT_CONVERSION = YES;
				CLANG_WARN_NON_LITERAL_NULL_CONVERSION = YES;
				CLANG_WARN_OBJC_IMPLICIT_RETAIN_SELF = YES;
				CLANG_WARN_OBJC_LITERAL_CONVERSION = YES;
				CLANG_WARN_OBJC_ROOT_CLASS = YES_ERROR;
				CLANG_WARN_RANGE_LOOP_ANALYSIS = YES;
				CLANG_WARN_STRICT_PROTOTYPES = YES;
				CLANG_WARN_SUSPICIOUS_MOVE = YES;
				CLANG_WARN_UNGUARDED_AVAILABILITY = YES_AGGRESSIVE;
				CLANG_WARN_UNREACHABLE_CODE = YES;
				CLANG_WARN__DUPLICATE_METHOD_MATCH = YES;
				CODE_SIGN_IDENTITY = "-";
				COPY_PHASE_STRIP = NO;
				DEBUG_INFORMATION_FORMAT = dwarf;
				ENABLE_STRICT_OBJC_MSGSEND = YES;
				ENABLE_TESTABILITY = YES;
				GCC_C_LANGUAGE_STANDARD = gnu11;
				GCC_DYNAMIC_NO_PIC = NO;
				GCC_NO_COMMON_BLOCKS = YES;
				GCC_OPTIMIZATION_LEVEL = 0;
				GCC_PREPROCESSOR_DEFINITIONS = (
					"DEBUG=1",
					"$(inherited)",
				);
				GCC_WARN_64_TO_32_BIT_CONVERSION = YES;
				GCC_WARN_ABOUT_RETURN_TYPE = YES_ERROR;
				GCC_WARN_UNDECLARED_SELECTOR = YES;
				GCC_WARN_UNINITIALIZED_AUTOS = YES_AGGRESSIVE;
				GCC_WARN_UNUSED_FUNCTION = YES;
				GCC_WARN_UNUSED_VARIABLE = YES;
				MACOSX_DEPLOYMENT_TARGET = 10.14;
				MTL_ENABLE_DEBUG_INFO = INCLUDE_SOURCE;
				MTL_FAST_MATH = YES;
				ONLY_ACTIVE_ARCH = YES;
				SDKROOT = macosx;
			};
			name = Debug;
		};
		4DAB651F21BE605C00847348 /* Release */ = {
			isa = XCBuildConfiguration;
			buildSettings = {
				ALWAYS_SEARCH_USER_PATHS = NO;
				CLANG_ANALYZER_NONNULL = YES;
				CLANG_ANALYZER_NUMBER_OBJECT_CONVERSION = YES_AGGRESSIVE;
				CLANG_CXX_LANGUAGE_STANDARD = "gnu++14";
				CLANG_CXX_LIBRARY = "libc++";
				CLANG_ENABLE_MODULES = YES;
				CLANG_ENABLE_OBJC_ARC = YES;
				CLANG_ENABLE_OBJC_WEAK = YES;
				CLANG_WARN_BLOCK_CAPTURE_AUTORELEASING = YES;
				CLANG_WARN_BOOL_CONVERSION = YES;
				CLANG_WARN_COMMA = YES;
				CLANG_WARN_CONSTANT_CONVERSION = YES;
				CLANG_WARN_DEPRECATED_OBJC_IMPLEMENTATIONS = YES;
				CLANG_WARN_DIRECT_OBJC_ISA_USAGE = YES_ERROR;
				CLANG_WARN_DOCUMENTATION_COMMENTS = YES;
				CLANG_WARN_EMPTY_BODY = YES;
				CLANG_WARN_ENUM_CONVERSION = YES;
				CLANG_WARN_INFINITE_RECURSION = YES;
				CLANG_WARN_INT_CONVERSION = YES;
				CLANG_WARN_NON_LITERAL_NULL_CONVERSION = YES;
				CLANG_WARN_OBJC_IMPLICIT_RETAIN_SELF = YES;
				CLANG_WARN_OBJC_LITERAL_CONVERSION = YES;
				CLANG_WARN_OBJC_ROOT_CLASS = YES_ERROR;
				CLANG_WARN_RANGE_LOOP_ANALYSIS = YES;
				CLANG_WARN_STRICT_PROTOTYPES = YES;
				CLANG_WARN_SUSPICIOUS_MOVE = YES;
				CLANG_WARN_UNGUARDED_AVAILABILITY = YES_AGGRESSIVE;
				CLANG_WARN_UNREACHABLE_CODE = YES;
				CLANG_WARN__DUPLICATE_METHOD_MATCH = YES;
				CODE_SIGN_IDENTITY = "-";
				COPY_PHASE_STRIP = NO;
				DEBUG_INFORMATION_FORMAT = "dwarf-with-dsym";
				ENABLE_NS_ASSERTIONS = NO;
				ENABLE_STRICT_OBJC_MSGSEND = YES;
				GCC_C_LANGUAGE_STANDARD = gnu11;
				GCC_NO_COMMON_BLOCKS = YES;
				GCC_WARN_64_TO_32_BIT_CONVERSION = YES;
				GCC_WARN_ABOUT_RETURN_TYPE = YES_ERROR;
				GCC_WARN_UNDECLARED_SELECTOR = YES;
				GCC_WARN_UNINITIALIZED_AUTOS = YES_AGGRESSIVE;
				GCC_WARN_UNUSED_FUNCTION = YES;
				GCC_WARN_UNUSED_VARIABLE = YES;
				MACOSX_DEPLOYMENT_TARGET = 10.14;
				MTL_ENABLE_DEBUG_INFO = NO;
				MTL_FAST_MATH = YES;
				SDKROOT = macosx;
			};
			name = Release;
		};
		4DAB652121BE605C00847348 /* Debug */ = {
			isa = XCBuildConfiguration;
			buildSettings = {
				ASSETCATALOG_COMPILER_APPICON_NAME = AppIcon;
				CODE_SIGN_ENTITLEMENTS = "OpenG--使用矩阵创建几何图形/OpenG____________.entitlements";
				CODE_SIGN_STYLE = Automatic;
				COMBINE_HIDPI_IMAGES = YES;
				INFOPLIST_FILE = "OpenG--使用矩阵创建几何图形/Info.plist";
				LD_RUNPATH_SEARCH_PATHS = (
					"$(inherited)",
					"@executable_path/../Frameworks",
				);
				LIBRARY_SEARCH_PATHS = (
					"$(inherited)",
					"$(PROJECT_DIR)",
				);
				MACOSX_DEPLOYMENT_TARGET = 10.12;
				PRODUCT_BUNDLE_IDENTIFIER = "com.jie.OpenG------------";
				PRODUCT_NAME = "$(TARGET_NAME)";
			};
			name = Debug;
		};
		4DAB652221BE605C00847348 /* Release */ = {
			isa = XCBuildConfiguration;
			buildSettings = {
				ASSETCATALOG_COMPILER_APPICON_NAME = AppIcon;
				CODE_SIGN_ENTITLEMENTS = "OpenG--使用矩阵创建几何图形/OpenG____________.entitlements";
				CODE_SIGN_STYLE = Automatic;
				COMBINE_HIDPI_IMAGES = YES;
				INFOPLIST_FILE = "OpenG--使用矩阵创建几何图形/Info.plist";
				LD_RUNPATH_SEARCH_PATHS = (
					"$(inherited)",
					"@executable_path/../Frameworks",
				);
				LIBRARY_SEARCH_PATHS = (
					"$(inherited)",
					"$(PROJECT_DIR)",
				);
				MACOSX_DEPLOYMENT_TARGET = 10.12;
				PRODUCT_BUNDLE_IDENTIFIER = "com.jie.OpenG------------";
				PRODUCT_NAME = "$(TARGET_NAME)";
			};
			name = Release;
		};
		4DAB652421BE605C00847348 /* Debug */ = {
			isa = XCBuildConfiguration;
			buildSettings = {
				BUNDLE_LOADER = "$(TEST_HOST)";
				CODE_SIGN_STYLE = Automatic;
				COMBINE_HIDPI_IMAGES = YES;
				INFOPLIST_FILE = "OpenG--使用矩阵创建几何图形Tests/Info.plist";
				LD_RUNPATH_SEARCH_PATHS = (
					"$(inherited)",
					"@executable_path/../Frameworks",
					"@loader_path/../Frameworks",
				);
				PRODUCT_BUNDLE_IDENTIFIER = "com.jie.OpenG------------Tests";
				PRODUCT_NAME = "$(TARGET_NAME)";
				TEST_HOST = "$(BUILT_PRODUCTS_DIR)/OpenG--使用矩阵创建几何图形.app/Contents/MacOS/OpenG--使用矩阵创建几何图形";
			};
			name = Debug;
		};
		4DAB652521BE605C00847348 /* Release */ = {
			isa = XCBuildConfiguration;
			buildSettings = {
				BUNDLE_LOADER = "$(TEST_HOST)";
				CODE_SIGN_STYLE = Automatic;
				COMBINE_HIDPI_IMAGES = YES;
				INFOPLIST_FILE = "OpenG--使用矩阵创建几何图形Tests/Info.plist";
				LD_RUNPATH_SEARCH_PATHS = (
					"$(inherited)",
					"@executable_path/../Frameworks",
					"@loader_path/../Frameworks",
				);
				PRODUCT_BUNDLE_IDENTIFIER = "com.jie.OpenG------------Tests";
				PRODUCT_NAME = "$(TARGET_NAME)";
				TEST_HOST = "$(BUILT_PRODUCTS_DIR)/OpenG--使用矩阵创建几何图形.app/Contents/MacOS/OpenG--使用矩阵创建几何图形";
			};
			name = Release;
		};
		4DAB652721BE605C00847348 /* Debug */ = {
			isa = XCBuildConfiguration;
			buildSettings = {
				CODE_SIGN_STYLE = Automatic;
				COMBINE_HIDPI_IMAGES = YES;
				INFOPLIST_FILE = "OpenG--使用矩阵创建几何图形UITests/Info.plist";
				LD_RUNPATH_SEARCH_PATHS = (
					"$(inherited)",
					"@executable_path/../Frameworks",
					"@loader_path/../Frameworks",
				);
				PRODUCT_BUNDLE_IDENTIFIER = "com.jie.OpenG------------UITests";
				PRODUCT_NAME = "$(TARGET_NAME)";
				TEST_TARGET_NAME = "OpenG--使用矩阵创建几何图形";
			};
			name = Debug;
		};
		4DAB652821BE605C00847348 /* Release */ = {
			isa = XCBuildConfiguration;
			buildSettings = {
				CODE_SIGN_STYLE = Automatic;
				COMBINE_HIDPI_IMAGES = YES;
				INFOPLIST_FILE = "OpenG--使用矩阵创建几何图形UITests/Info.plist";
				LD_RUNPATH_SEARCH_PATHS = (
					"$(inherited)",
					"@executable_path/../Frameworks",
					"@loader_path/../Frameworks",
				);
				PRODUCT_BUNDLE_IDENTIFIER = "com.jie.OpenG------------UITests";
				PRODUCT_NAME = "$(TARGET_NAME)";
				TEST_TARGET_NAME = "OpenG--使用矩阵创建几何图形";
			};
			name = Release;
		};
/* End XCBuildConfiguration section */

/* Begin XCConfigurationList section */
		4DAB64F121BE605900847348 /* Build configuration list for PBXProject "OpenG--使用矩阵创建几何图形" */ = {
			isa = XCConfigurationList;
			buildConfigurations = (
				4DAB651E21BE605C00847348 /* Debug */,
				4DAB651F21BE605C00847348 /* Release */,
			);
			defaultConfigurationIsVisible = 0;
			defaultConfigurationName = Release;
		};
		4DAB652021BE605C00847348 /* Build configuration list for PBXNativeTarget "OpenG--使用矩阵创建几何图形" */ = {
			isa = XCConfigurationList;
			buildConfigurations = (
				4DAB652121BE605C00847348 /* Debug */,
				4DAB652221BE605C00847348 /* Release */,
			);
			defaultConfigurationIsVisible = 0;
			defaultConfigurationName = Release;
		};
		4DAB652321BE605C00847348 /* Build configuration list for PBXNativeTarget "OpenG--使用矩阵创建几何图形Tests" */ = {
			isa = XCConfigurationList;
			buildConfigurations = (
				4DAB652421BE605C00847348 /* Debug */,
				4DAB652521BE605C00847348 /* Release */,
			);
			defaultConfigurationIsVisible = 0;
			defaultConfigurationName = Release;
		};
		4DAB652621BE605C00847348 /* Build configuration list for PBXNativeTarget "OpenG--使用矩阵创建几何图形UITests" */ = {
			isa = XCConfigurationList;
			buildConfigurations = (
				4DAB652721BE605C00847348 /* Debug */,
				4DAB652821BE605C00847348 /* Release */,
			);
			defaultConfigurationIsVisible = 0;
			defaultConfigurationName = Release;
		};
/* End XCConfigurationList section */
	};
	rootObject = 4DAB64EE21BE605900847348 /* Project object */;
}
